// !$*UTF8*$!
{
	archiveVersion = 1;
	classes = {
	};
	objectVersion = 46;
	objects = {

/* Begin PBXBuildFile section */
		4D3118091C5627980061D54B /* AdsumFont.ttf in Resources */ = {isa = PBXBuildFile; fileRef = 4D3118081C5627980061D54B /* AdsumFont.ttf */; };
		4D6809E21C5B65CB00DDCAEA /* marker.png in Resources */ = {isa = PBXBuildFile; fileRef = 4D6809DF1C5B65CB00DDCAEA /* marker.png */; };
		4D6809E31C5B65CB00DDCAEA /* path.png in Resources */ = {isa = PBXBuildFile; fileRef = 4D6809E01C5B65CB00DDCAEA /* path.png */; };
		4D6809E61C5B797500DDCAEA /* FirstPageViewController.m in Sources */ = {isa = PBXBuildFile; fileRef = 4D6809E51C5B797500DDCAEA /* FirstPageViewController.m */; };
		4D6809E81C5B9FF500DDCAEA /* adactive_logo.png in Resources */ = {isa = PBXBuildFile; fileRef = 4D6809E71C5B9FF500DDCAEA /* adactive_logo.png */; };
		4D6809EC1C5BAE3500DDCAEA /* DrawPathViewController.m in Sources */ = {isa = PBXBuildFile; fileRef = 4D6809EB1C5BAE3500DDCAEA /* DrawPathViewController.m */; };
		4DAC79D11C58E16A0064A6E3 /* MPGTextField.m in Sources */ = {isa = PBXBuildFile; fileRef = 4DAC79CF1C58E16A0064A6E3 /* MPGTextField.m */; };
		4DCB7C481C563B3600982B23 /* MainViewController.m in Sources */ = {isa = PBXBuildFile; fileRef = 4DCB7C471C563B3600982B23 /* MainViewController.m */; };
		4DF032661C51153000472603 /* main.m in Sources */ = {isa = PBXBuildFile; fileRef = 4DF032651C51153000472603 /* main.m */; };
		4DF032691C51153000472603 /* AppDelegate.m in Sources */ = {isa = PBXBuildFile; fileRef = 4DF032681C51153000472603 /* AppDelegate.m */; };
		4DF0326C1C51153000472603 /* ViewController.m in Sources */ = {isa = PBXBuildFile; fileRef = 4DF0326B1C51153000472603 /* ViewController.m */; };
		4DF0326F1C51153000472603 /* Main.storyboard in Resources */ = {isa = PBXBuildFile; fileRef = 4DF0326D1C51153000472603 /* Main.storyboard */; };
		4DF032711C51153000472603 /* Assets.xcassets in Resources */ = {isa = PBXBuildFile; fileRef = 4DF032701C51153000472603 /* Assets.xcassets */; };
		4DF032741C51153000472603 /* LaunchScreen.storyboard in Resources */ = {isa = PBXBuildFile; fileRef = 4DF032721C51153000472603 /* LaunchScreen.storyboard */; };
		4DF0327D1C51156900472603 /* AdsumCaCert.pem in Resources */ = {isa = PBXBuildFile; fileRef = 4DF0327B1C51156900472603 /* AdsumCaCert.pem */; };
		4DF032801C51157000472603 /* Accelerate.framework in Frameworks */ = {isa = PBXBuildFile; fileRef = 4DF0327F1C51157000472603 /* Accelerate.framework */; };
		4DF032821C51157600472603 /* CoreFoundation.framework in Frameworks */ = {isa = PBXBuildFile; fileRef = 4DF032811C51157600472603 /* CoreFoundation.framework */; };
		4DF032841C51158300472603 /* Foundation.framework in Frameworks */ = {isa = PBXBuildFile; fileRef = 4DF032831C51158300472603 /* Foundation.framework */; };
		4DF032861C51158A00472603 /* MobileCoreServices.framework in Frameworks */ = {isa = PBXBuildFile; fileRef = 4DF032851C51158A00472603 /* MobileCoreServices.framework */; };
		4DF032881C51159000472603 /* UIKit.framework in Frameworks */ = {isa = PBXBuildFile; fileRef = 4DF032871C51159000472603 /* UIKit.framework */; };
		4DF0328A1C51159600472603 /* ImageIO.framework in Frameworks */ = {isa = PBXBuildFile; fileRef = 4DF032891C51159600472603 /* ImageIO.framework */; };
		4DF0328F1C5115D000472603 /* libc++.1.dylib in Frameworks */ = {isa = PBXBuildFile; fileRef = 4DF0328D1C5115D000472603 /* libc++.1.dylib */; };
		4DF032901C5115D000472603 /* libz.1.dylib in Frameworks */ = {isa = PBXBuildFile; fileRef = 4DF0328E1C5115D000472603 /* libz.1.dylib */; };
		66F9CC691CFDD06000AE700F /* AdsumIOSAPI.framework in Frameworks */ = {isa = PBXBuildFile; fileRef = 4D3118041C5625120061D54B /* AdsumIOSAPI.framework */; };
		D312E910FF68B2DD4DDE3B3A /* Pods_AdsumReader.framework in Frameworks */ = {isa = PBXBuildFile; fileRef = C2E5A2CB4AC6FBBB4C9853FC /* Pods_AdsumReader.framework */; };
		E49C11F91D33DB440099D5E0 /* AdsumIOSAPI.framework in Frameworks */ = {isa = PBXBuildFile; fileRef = E49C11F81D33DB440099D5E0 /* AdsumIOSAPI.framework */; };
/* End PBXBuildFile section */

/* Begin PBXFileReference section */
		29A9FC92B96C424BC2EFF987 /* Pods.release.xcconfig */ = {isa = PBXFileReference; includeInIndex = 1; lastKnownFileType = text.xcconfig; name = Pods.release.xcconfig; path = "AdsumReader/Pods/Target Support Files/Pods/Pods.release.xcconfig"; sourceTree = "<group>"; };
		4D3118021C5622C90061D54B /* AdsumIOSAPI.framework */ = {isa = PBXFileReference; lastKnownFileType = wrapper.framework; name = AdsumIOSAPI.framework; path = "../../../../adsum-core/Wrappers/IOS/IOS_step_2/build/Debug-iphoneos/AdsumIOSAPI.framework"; sourceTree = "<group>"; };
		4D3118041C5625120061D54B /* AdsumIOSAPI.framework */ = {isa = PBXFileReference; lastKnownFileType = wrapper.framework; name = AdsumIOSAPI.framework; path = AdsumReader/AdsumIOSAPI.framework; sourceTree = "<group>"; };
		4D3118061C5625920061D54B /* AdsumIOSAPI.framework */ = {isa = PBXFileReference; lastKnownFileType = wrapper.framework; name = AdsumIOSAPI.framework; path = "../../../../adsum-core/Wrappers/IOS/IOS_step_2/build/Debug-iphoneos/AdsumIOSAPI.framework"; sourceTree = "<group>"; };
		4D3118081C5627980061D54B /* AdsumFont.ttf */ = {isa = PBXFileReference; lastKnownFileType = file; name = AdsumFont.ttf; path = AdsumReader/AdsumFont.ttf; sourceTree = "<group>"; };
		4D6809DF1C5B65CB00DDCAEA /* marker.png */ = {isa = PBXFileReference; lastKnownFileType = image.png; name = marker.png; path = AdsumReader/marker.png; sourceTree = "<group>"; };
		4D6809E01C5B65CB00DDCAEA /* path.png */ = {isa = PBXFileReference; lastKnownFileType = image.png; name = path.png; path = AdsumReader/path.png; sourceTree = "<group>"; };
		4D6809E11C5B65CB00DDCAEA /* AdsumFont.ttf */ = {isa = PBXFileReference; lastKnownFileType = file; name = AdsumFont.ttf; path = AdsumReader/AdsumFont.ttf; sourceTree = "<group>"; };
		4D6809E41C5B797500DDCAEA /* FirstPageViewController.h */ = {isa = PBXFileReference; fileEncoding = 4; lastKnownFileType = sourcecode.c.h; path = FirstPageViewController.h; sourceTree = "<group>"; };
		4D6809E51C5B797500DDCAEA /* FirstPageViewController.m */ = {isa = PBXFileReference; fileEncoding = 4; lastKnownFileType = sourcecode.c.objc; path = FirstPageViewController.m; sourceTree = "<group>"; };
		4D6809E71C5B9FF500DDCAEA /* adactive_logo.png */ = {isa = PBXFileReference; lastKnownFileType = image.png; name = adactive_logo.png; path = AdsumReader/adactive_logo.png; sourceTree = "<group>"; };
		4D6809EA1C5BAE3500DDCAEA /* DrawPathViewController.h */ = {isa = PBXFileReference; fileEncoding = 4; lastKnownFileType = sourcecode.c.h; path = DrawPathViewController.h; sourceTree = "<group>"; };
		4D6809EB1C5BAE3500DDCAEA /* DrawPathViewController.m */ = {isa = PBXFileReference; fileEncoding = 4; lastKnownFileType = sourcecode.c.objc; path = DrawPathViewController.m; sourceTree = "<group>"; };
		4DAC79CF1C58E16A0064A6E3 /* MPGTextField.m */ = {isa = PBXFileReference; fileEncoding = 4; lastKnownFileType = sourcecode.c.objc; path = MPGTextField.m; sourceTree = "<group>"; };
		4DAC79D01C58E16A0064A6E3 /* MPGTextField.h */ = {isa = PBXFileReference; fileEncoding = 4; lastKnownFileType = sourcecode.c.h; path = MPGTextField.h; sourceTree = "<group>"; };
		4DCB22ED1C521D6F00CDD4AF /* AdsumIOSAPI.framework */ = {isa = PBXFileReference; lastKnownFileType = wrapper.framework; name = AdsumIOSAPI.framework; path = "../../../../../Library/Developer/Xcode/DerivedData/AdsumReader-ftltctqmnpjirieuyzlxvifzxuyd/Build/Products/Debug-iphoneos/AdsumIOSAPI.framework"; sourceTree = "<group>"; };
		4DCB7C461C563B3600982B23 /* MainViewController.h */ = {isa = PBXFileReference; fileEncoding = 4; lastKnownFileType = sourcecode.c.h; path = MainViewController.h; sourceTree = "<group>"; };
		4DCB7C471C563B3600982B23 /* MainViewController.m */ = {isa = PBXFileReference; fileEncoding = 4; lastKnownFileType = sourcecode.c.objc; path = MainViewController.m; sourceTree = "<group>"; };
		4DF032611C51153000472603 /* AdsumReader.app */ = {isa = PBXFileReference; explicitFileType = wrapper.application; includeInIndex = 0; path = AdsumReader.app; sourceTree = BUILT_PRODUCTS_DIR; };
		4DF032651C51153000472603 /* main.m */ = {isa = PBXFileReference; lastKnownFileType = sourcecode.c.objc; path = main.m; sourceTree = "<group>"; };
		4DF032671C51153000472603 /* AppDelegate.h */ = {isa = PBXFileReference; lastKnownFileType = sourcecode.c.h; path = AppDelegate.h; sourceTree = "<group>"; };
		4DF032681C51153000472603 /* AppDelegate.m */ = {isa = PBXFileReference; lastKnownFileType = sourcecode.c.objc; path = AppDelegate.m; sourceTree = "<group>"; };
		4DF0326A1C51153000472603 /* ViewController.h */ = {isa = PBXFileReference; lastKnownFileType = sourcecode.c.h; path = ViewController.h; sourceTree = "<group>"; };
		4DF0326B1C51153000472603 /* ViewController.m */ = {isa = PBXFileReference; lastKnownFileType = sourcecode.c.objc; path = ViewController.m; sourceTree = "<group>"; };
		4DF0326E1C51153000472603 /* Base */ = {isa = PBXFileReference; lastKnownFileType = file.storyboard; name = Base; path = Base.lproj/Main.storyboard; sourceTree = "<group>"; };
		4DF032701C51153000472603 /* Assets.xcassets */ = {isa = PBXFileReference; lastKnownFileType = folder.assetcatalog; path = Assets.xcassets; sourceTree = "<group>"; };
		4DF032731C51153000472603 /* Base */ = {isa = PBXFileReference; lastKnownFileType = file.storyboard; name = Base; path = Base.lproj/LaunchScreen.storyboard; sourceTree = "<group>"; };
		4DF032751C51153000472603 /* Info.plist */ = {isa = PBXFileReference; lastKnownFileType = text.plist.xml; path = Info.plist; sourceTree = "<group>"; };
		4DF0327B1C51156900472603 /* AdsumCaCert.pem */ = {isa = PBXFileReference; lastKnownFileType = text; name = AdsumCaCert.pem; path = AdsumReader/AdsumCaCert.pem; sourceTree = "<group>"; };
		4DF0327F1C51157000472603 /* Accelerate.framework */ = {isa = PBXFileReference; lastKnownFileType = wrapper.framework; name = Accelerate.framework; path = System/Library/Frameworks/Accelerate.framework; sourceTree = SDKROOT; };
		4DF032811C51157600472603 /* CoreFoundation.framework */ = {isa = PBXFileReference; lastKnownFileType = wrapper.framework; name = CoreFoundation.framework; path = System/Library/Frameworks/CoreFoundation.framework; sourceTree = SDKROOT; };
		4DF032831C51158300472603 /* Foundation.framework */ = {isa = PBXFileReference; lastKnownFileType = wrapper.framework; name = Foundation.framework; path = System/Library/Frameworks/Foundation.framework; sourceTree = SDKROOT; };
		4DF032851C51158A00472603 /* MobileCoreServices.framework */ = {isa = PBXFileReference; lastKnownFileType = wrapper.framework; name = MobileCoreServices.framework; path = System/Library/Frameworks/MobileCoreServices.framework; sourceTree = SDKROOT; };
		4DF032871C51159000472603 /* UIKit.framework */ = {isa = PBXFileReference; lastKnownFileType = wrapper.framework; name = UIKit.framework; path = System/Library/Frameworks/UIKit.framework; sourceTree = SDKROOT; };
		4DF032891C51159600472603 /* ImageIO.framework */ = {isa = PBXFileReference; lastKnownFileType = wrapper.framework; name = ImageIO.framework; path = System/Library/Frameworks/ImageIO.framework; sourceTree = SDKROOT; };
		4DF0328D1C5115D000472603 /* libc++.1.dylib */ = {isa = PBXFileReference; lastKnownFileType = "compiled.mach-o.dylib"; name = "libc++.1.dylib"; path = "../../../../../../../usr/lib/libc++.1.dylib"; sourceTree = "<group>"; };
		4DF0328E1C5115D000472603 /* libz.1.dylib */ = {isa = PBXFileReference; lastKnownFileType = "compiled.mach-o.dylib"; name = libz.1.dylib; path = ../../../../../../../usr/lib/libz.1.dylib; sourceTree = "<group>"; };
		52C0AAC6AF0EC69820DD679A /* Pods-AdsumReader.debug.xcconfig */ = {isa = PBXFileReference; includeInIndex = 1; lastKnownFileType = text.xcconfig; name = "Pods-AdsumReader.debug.xcconfig"; path = "AdsumReader/Pods/Target Support Files/Pods-AdsumReader/Pods-AdsumReader.debug.xcconfig"; sourceTree = "<group>"; };
		63BCCB391A9D2DF571944E65 /* Pods.framework */ = {isa = PBXFileReference; explicitFileType = wrapper.framework; includeInIndex = 0; path = Pods.framework; sourceTree = BUILT_PRODUCTS_DIR; };
		C2E5A2CB4AC6FBBB4C9853FC /* Pods_AdsumReader.framework */ = {isa = PBXFileReference; explicitFileType = wrapper.framework; includeInIndex = 0; path = Pods_AdsumReader.framework; sourceTree = BUILT_PRODUCTS_DIR; };
		D6565CCF7E79BAF70ACE7029 /* Pods.debug.xcconfig */ = {isa = PBXFileReference; includeInIndex = 1; lastKnownFileType = text.xcconfig; name = Pods.debug.xcconfig; path = "AdsumReader/Pods/Target Support Files/Pods/Pods.debug.xcconfig"; sourceTree = "<group>"; };
		E49C11F81D33DB440099D5E0 /* AdsumIOSAPI.framework */ = {isa = PBXFileReference; lastKnownFileType = wrapper.framework; path = AdsumIOSAPI.framework; sourceTree = "<group>"; };
		ED9C452B582E08CCA4210628 /* Pods-AdsumReader.release.xcconfig */ = {isa = PBXFileReference; includeInIndex = 1; lastKnownFileType = text.xcconfig; name = "Pods-AdsumReader.release.xcconfig"; path = "AdsumReader/Pods/Target Support Files/Pods-AdsumReader/Pods-AdsumReader.release.xcconfig"; sourceTree = "<group>"; };
/* End PBXFileReference section */

/* Begin PBXFrameworksBuildPhase section */
		4DF0325E1C51153000472603 /* Frameworks */ = {
			isa = PBXFrameworksBuildPhase;
			buildActionMask = 2147483647;
			files = (
				66F9CC691CFDD06000AE700F /* AdsumIOSAPI.framework in Frameworks */,
				4DF0328F1C5115D000472603 /* libc++.1.dylib in Frameworks */,
				4DF032901C5115D000472603 /* libz.1.dylib in Frameworks */,
				4DF0328A1C51159600472603 /* ImageIO.framework in Frameworks */,
				4DF032881C51159000472603 /* UIKit.framework in Frameworks */,
				4DF032861C51158A00472603 /* MobileCoreServices.framework in Frameworks */,
				4DF032841C51158300472603 /* Foundation.framework in Frameworks */,
				4DF032821C51157600472603 /* CoreFoundation.framework in Frameworks */,
				4DF032801C51157000472603 /* Accelerate.framework in Frameworks */,
				E49C11F91D33DB440099D5E0 /* AdsumIOSAPI.framework in Frameworks */,
				D312E910FF68B2DD4DDE3B3A /* Pods_AdsumReader.framework in Frameworks */,
			);
			runOnlyForDeploymentPostprocessing = 0;
		};
/* End PBXFrameworksBuildPhase section */

/* Begin PBXGroup section */
		24B110EEEFB4B2C952DEE0E9 /* Frameworks */ = {
			isa = PBXGroup;
			children = (
				4D3118061C5625920061D54B /* AdsumIOSAPI.framework */,
				4D3118041C5625120061D54B /* AdsumIOSAPI.framework */,
				4D3118021C5622C90061D54B /* AdsumIOSAPI.framework */,
				4DCB22ED1C521D6F00CDD4AF /* AdsumIOSAPI.framework */,
				63BCCB391A9D2DF571944E65 /* Pods.framework */,
				C2E5A2CB4AC6FBBB4C9853FC /* Pods_AdsumReader.framework */,
			);
			name = Frameworks;
			sourceTree = "<group>";
		};
		4DF032581C51153000472603 = {
			isa = PBXGroup;
			children = (
				4D6809E71C5B9FF500DDCAEA /* adactive_logo.png */,
				4D6809DF1C5B65CB00DDCAEA /* marker.png */,
				4D6809E01C5B65CB00DDCAEA /* path.png */,
				4D6809E11C5B65CB00DDCAEA /* AdsumFont.ttf */,
				E49C11F81D33DB440099D5E0 /* AdsumIOSAPI.framework */,
				4D3118081C5627980061D54B /* AdsumFont.ttf */,
				4DF0328D1C5115D000472603 /* libc++.1.dylib */,
				4DF0328E1C5115D000472603 /* libz.1.dylib */,
				4DF032891C51159600472603 /* ImageIO.framework */,
				4DF032871C51159000472603 /* UIKit.framework */,
				4DF032851C51158A00472603 /* MobileCoreServices.framework */,
				4DF032831C51158300472603 /* Foundation.framework */,
				4DF032811C51157600472603 /* CoreFoundation.framework */,
				4DF0327F1C51157000472603 /* Accelerate.framework */,
				4DF0327B1C51156900472603 /* AdsumCaCert.pem */,
				4DF032631C51153000472603 /* AdsumReader */,
				4DF032621C51153000472603 /* Products */,
				A91C0DA55816CD3D933A6E67 /* Pods */,
				24B110EEEFB4B2C952DEE0E9 /* Frameworks */,
			);
			sourceTree = "<group>";
		};
		4DF032621C51153000472603 /* Products */ = {
			isa = PBXGroup;
			children = (
				4DF032611C51153000472603 /* AdsumReader.app */,
			);
			name = Products;
			sourceTree = "<group>";
		};
		4DF032631C51153000472603 /* AdsumReader */ = {
			isa = PBXGroup;
			children = (
				4DAC79CF1C58E16A0064A6E3 /* MPGTextField.m */,
				4DAC79D01C58E16A0064A6E3 /* MPGTextField.h */,
				4DF032671C51153000472603 /* AppDelegate.h */,
				4DF032681C51153000472603 /* AppDelegate.m */,
				4DF0326A1C51153000472603 /* ViewController.h */,
				4DF0326B1C51153000472603 /* ViewController.m */,
				4DF0326D1C51153000472603 /* Main.storyboard */,
				4DF032701C51153000472603 /* Assets.xcassets */,
				4DF032721C51153000472603 /* LaunchScreen.storyboard */,
				4DF032751C51153000472603 /* Info.plist */,
				4DF032641C51153000472603 /* Supporting Files */,
				4DCB7C461C563B3600982B23 /* MainViewController.h */,
				4DCB7C471C563B3600982B23 /* MainViewController.m */,
				4D6809E41C5B797500DDCAEA /* FirstPageViewController.h */,
				4D6809E51C5B797500DDCAEA /* FirstPageViewController.m */,
				4D6809EA1C5BAE3500DDCAEA /* DrawPathViewController.h */,
				4D6809EB1C5BAE3500DDCAEA /* DrawPathViewController.m */,
			);
			path = AdsumReader;
			sourceTree = "<group>";
		};
		4DF032641C51153000472603 /* Supporting Files */ = {
			isa = PBXGroup;
			children = (
				4DF032651C51153000472603 /* main.m */,
			);
			name = "Supporting Files";
			sourceTree = "<group>";
		};
		A91C0DA55816CD3D933A6E67 /* Pods */ = {
			isa = PBXGroup;
			children = (
				D6565CCF7E79BAF70ACE7029 /* Pods.debug.xcconfig */,
				29A9FC92B96C424BC2EFF987 /* Pods.release.xcconfig */,
				52C0AAC6AF0EC69820DD679A /* Pods-AdsumReader.debug.xcconfig */,
				ED9C452B582E08CCA4210628 /* Pods-AdsumReader.release.xcconfig */,
			);
			name = Pods;
			sourceTree = "<group>";
		};
/* End PBXGroup section */

/* Begin PBXNativeTarget section */
		4DF032601C51153000472603 /* AdsumReader */ = {
			isa = PBXNativeTarget;
			buildConfigurationList = 4DF032781C51153000472603 /* Build configuration list for PBXNativeTarget "AdsumReader" */;
			buildPhases = (
				7F54454BB51DA25E8D3A64CD /* [CP] Check Pods Manifest.lock */,
				4DF0325D1C51153000472603 /* Sources */,
				4DF0325E1C51153000472603 /* Frameworks */,
				4DF0325F1C51153000472603 /* Resources */,
				E28E0D01A96B34192E5D8612 /* [CP] Embed Pods Frameworks */,
				DD61E963D2BE4255C5CB9530 /* [CP] Copy Pods Resources */,
				A8A1D84BF59F8E33BCDBF13C /* Embed Pods Frameworks */,
			);
			buildRules = (
			);
			dependencies = (
			);
			name = AdsumReader;
			productName = AdsumReader;
			productReference = 4DF032611C51153000472603 /* AdsumReader.app */;
			productType = "com.apple.product-type.application";
		};
/* End PBXNativeTarget section */

/* Begin PBXProject section */
		4DF032591C51153000472603 /* Project object */ = {
			isa = PBXProject;
			attributes = {
				LastUpgradeCheck = 0720;
				ORGANIZATIONNAME = adactive;
				TargetAttributes = {
					4DF032601C51153000472603 = {
						CreatedOnToolsVersion = 7.2;
						DevelopmentTeam = 65X8TJ7L5Y;
					};
				};
			};
			buildConfigurationList = 4DF0325C1C51153000472603 /* Build configuration list for PBXProject "AdsumReader" */;
			compatibilityVersion = "Xcode 3.2";
			developmentRegion = English;
			hasScannedForEncodings = 0;
			knownRegions = (
				en,
				Base,
			);
			mainGroup = 4DF032581C51153000472603;
			productRefGroup = 4DF032621C51153000472603 /* Products */;
			projectDirPath = "";
			projectRoot = "";
			targets = (
				4DF032601C51153000472603 /* AdsumReader */,
			);
		};
/* End PBXProject section */

/* Begin PBXResourcesBuildPhase section */
		4DF0325F1C51153000472603 /* Resources */ = {
			isa = PBXResourcesBuildPhase;
			buildActionMask = 2147483647;
			files = (
				4D6809E81C5B9FF500DDCAEA /* adactive_logo.png in Resources */,
				4D6809E21C5B65CB00DDCAEA /* marker.png in Resources */,
				4D6809E31C5B65CB00DDCAEA /* path.png in Resources */,
				4D3118091C5627980061D54B /* AdsumFont.ttf in Resources */,
				4DF032741C51153000472603 /* LaunchScreen.storyboard in Resources */,
				4DF0327D1C51156900472603 /* AdsumCaCert.pem in Resources */,
				4DF032711C51153000472603 /* Assets.xcassets in Resources */,
				4DF0326F1C51153000472603 /* Main.storyboard in Resources */,
			);
			runOnlyForDeploymentPostprocessing = 0;
		};
/* End PBXResourcesBuildPhase section */

/* Begin PBXShellScriptBuildPhase section */
		7F54454BB51DA25E8D3A64CD /* [CP] Check Pods Manifest.lock */ = {
			isa = PBXShellScriptBuildPhase;
			buildActionMask = 2147483647;
			files = (
			);
			inputPaths = (
			);
			name = "[CP] Check Pods Manifest.lock";
			outputPaths = (
			);
			runOnlyForDeploymentPostprocessing = 0;
			shellPath = /bin/sh;
			shellScript = "diff \"${PODS_ROOT}/../Podfile.lock\" \"${PODS_ROOT}/Manifest.lock\" > /dev/null\nif [[ $? != 0 ]] ; then\n    cat << EOM\nerror: The sandbox is not in sync with the Podfile.lock. Run 'pod install' or update your CocoaPods installation.\nEOM\n    exit 1\nfi\n";
			showEnvVarsInLog = 0;
		};
		A8A1D84BF59F8E33BCDBF13C /* Embed Pods Frameworks */ = {
			isa = PBXShellScriptBuildPhase;
			buildActionMask = 2147483647;
			files = (
			);
			inputPaths = (
			);
			name = "Embed Pods Frameworks";
			outputPaths = (
			);
			runOnlyForDeploymentPostprocessing = 0;
			shellPath = /bin/sh;
			shellScript = "\"${SRCROOT}/AdsumReader/Pods/Target Support Files/Pods-AdsumReader/Pods-AdsumReader-frameworks.sh\"\n";
			showEnvVarsInLog = 0;
		};
		DD61E963D2BE4255C5CB9530 /* [CP] Copy Pods Resources */ = {
			isa = PBXShellScriptBuildPhase;
			buildActionMask = 2147483647;
			files = (
			);
			inputPaths = (
			);
			name = "[CP] Copy Pods Resources";
			outputPaths = (
			);
			runOnlyForDeploymentPostprocessing = 0;
			shellPath = /bin/sh;
			shellScript = "\"${SRCROOT}/AdsumReader/Pods/Target Support Files/Pods-AdsumReader/Pods-AdsumReader-resources.sh\"\n";
			showEnvVarsInLog = 0;
		};
		E28E0D01A96B34192E5D8612 /* [CP] Embed Pods Frameworks */ = {
			isa = PBXShellScriptBuildPhase;
			buildActionMask = 2147483647;
			files = (
			);
			inputPaths = (
			);
			name = "[CP] Embed Pods Frameworks";
			outputPaths = (
			);
			runOnlyForDeploymentPostprocessing = 0;
			shellPath = /bin/sh;
			shellScript = "\"${SRCROOT}/AdsumReader/Pods/Target Support Files/Pods-AdsumReader/Pods-AdsumReader-frameworks.sh\"\n";
			showEnvVarsInLog = 0;
		};
/* End PBXShellScriptBuildPhase section */

/* Begin PBXSourcesBuildPhase section */
		4DF0325D1C51153000472603 /* Sources */ = {
			isa = PBXSourcesBuildPhase;
			buildActionMask = 2147483647;
			files = (
				4D6809EC1C5BAE3500DDCAEA /* DrawPathViewController.m in Sources */,
				4DAC79D11C58E16A0064A6E3 /* MPGTextField.m in Sources */,
				4DF0326C1C51153000472603 /* ViewController.m in Sources */,
				4D6809E61C5B797500DDCAEA /* FirstPageViewController.m in Sources */,
				4DF032691C51153000472603 /* AppDelegate.m in Sources */,
				4DF032661C51153000472603 /* main.m in Sources */,
				4DCB7C481C563B3600982B23 /* MainViewController.m in Sources */,
			);
			runOnlyForDeploymentPostprocessing = 0;
		};
/* End PBXSourcesBuildPhase section */

/* Begin PBXVariantGroup section */
		4DF0326D1C51153000472603 /* Main.storyboard */ = {
			isa = PBXVariantGroup;
			children = (
				4DF0326E1C51153000472603 /* Base */,
			);
			name = Main.storyboard;
			sourceTree = "<group>";
		};
		4DF032721C51153000472603 /* LaunchScreen.storyboard */ = {
			isa = PBXVariantGroup;
			children = (
				4DF032731C51153000472603 /* Base */,
			);
			name = LaunchScreen.storyboard;
			sourceTree = "<group>";
		};
/* End PBXVariantGroup section */

/* Begin XCBuildConfiguration section */
		4DF032761C51153000472603 /* Debug */ = {
			isa = XCBuildConfiguration;
			buildSettings = {
				ALWAYS_SEARCH_USER_PATHS = NO;
				CLANG_CXX_LANGUAGE_STANDARD = "gnu++0x";
				CLANG_CXX_LIBRARY = "libc++";
				CLANG_ENABLE_MODULES = YES;
				CLANG_ENABLE_OBJC_ARC = YES;
				CLANG_WARN_BOOL_CONVERSION = YES;
				CLANG_WARN_CONSTANT_CONVERSION = YES;
				CLANG_WARN_DIRECT_OBJC_ISA_USAGE = YES_ERROR;
				CLANG_WARN_EMPTY_BODY = YES;
				CLANG_WARN_ENUM_CONVERSION = YES;
				CLANG_WARN_INT_CONVERSION = YES;
				CLANG_WARN_OBJC_ROOT_CLASS = YES_ERROR;
				CLANG_WARN_UNREACHABLE_CODE = YES;
				CLANG_WARN__DUPLICATE_METHOD_MATCH = YES;
				"CODE_SIGN_IDENTITY[sdk=iphoneos*]" = "iPhone Developer";
				COPY_PHASE_STRIP = NO;
				DEBUG_INFORMATION_FORMAT = dwarf;
				ENABLE_STRICT_OBJC_MSGSEND = YES;
				ENABLE_TESTABILITY = YES;
				GCC_C_LANGUAGE_STANDARD = gnu99;
				GCC_DYNAMIC_NO_PIC = NO;
				GCC_NO_COMMON_BLOCKS = YES;
				GCC_OPTIMIZATION_LEVEL = 0;
				GCC_PREPROCESSOR_DEFINITIONS = (
					"DEBUG=1",
					"$(inherited)",
				);
				GCC_WARN_64_TO_32_BIT_CONVERSION = YES;
				GCC_WARN_ABOUT_RETURN_TYPE = YES_ERROR;
				GCC_WARN_UNDECLARED_SELECTOR = YES;
				GCC_WARN_UNINITIALIZED_AUTOS = YES_AGGRESSIVE;
				GCC_WARN_UNUSED_FUNCTION = YES;
				GCC_WARN_UNUSED_VARIABLE = YES;
				IPHONEOS_DEPLOYMENT_TARGET = 9.2;
				MTL_ENABLE_DEBUG_INFO = YES;
				ONLY_ACTIVE_ARCH = YES;
				SDKROOT = iphoneos;
				TARGETED_DEVICE_FAMILY = "1,2";
			};
			name = Debug;
		};
		4DF032771C51153000472603 /* Release */ = {
			isa = XCBuildConfiguration;
			buildSettings = {
				ALWAYS_SEARCH_USER_PATHS = NO;
				CLANG_CXX_LANGUAGE_STANDARD = "gnu++0x";
				CLANG_CXX_LIBRARY = "libc++";
				CLANG_ENABLE_MODULES = YES;
				CLANG_ENABLE_OBJC_ARC = YES;
				CLANG_WARN_BOOL_CONVERSION = YES;
				CLANG_WARN_CONSTANT_CONVERSION = YES;
				CLANG_WARN_DIRECT_OBJC_ISA_USAGE = YES_ERROR;
				CLANG_WARN_EMPTY_BODY = YES;
				CLANG_WARN_ENUM_CONVERSION = YES;
				CLANG_WARN_INT_CONVERSION = YES;
				CLANG_WARN_OBJC_ROOT_CLASS = YES_ERROR;
				CLANG_WARN_UNREACHABLE_CODE = YES;
				CLANG_WARN__DUPLICATE_METHOD_MATCH = YES;
				"CODE_SIGN_IDENTITY[sdk=iphoneos*]" = "iPhone Developer";
				COPY_PHASE_STRIP = NO;
				DEBUG_INFORMATION_FORMAT = "dwarf-with-dsym";
				ENABLE_NS_ASSERTIONS = NO;
				ENABLE_STRICT_OBJC_MSGSEND = YES;
				GCC_C_LANGUAGE_STANDARD = gnu99;
				GCC_NO_COMMON_BLOCKS = YES;
				GCC_WARN_64_TO_32_BIT_CONVERSION = YES;
				GCC_WARN_ABOUT_RETURN_TYPE = YES_ERROR;
				GCC_WARN_UNDECLARED_SELECTOR = YES;
				GCC_WARN_UNINITIALIZED_AUTOS = YES_AGGRESSIVE;
				GCC_WARN_UNUSED_FUNCTION = YES;
				GCC_WARN_UNUSED_VARIABLE = YES;
				IPHONEOS_DEPLOYMENT_TARGET = 9.2;
				MTL_ENABLE_DEBUG_INFO = NO;
				SDKROOT = iphoneos;
				TARGETED_DEVICE_FAMILY = "1,2";
				VALIDATE_PRODUCT = YES;
			};
			name = Release;
		};
		4DF032791C51153000472603 /* Debug */ = {
			isa = XCBuildConfiguration;
			baseConfigurationReference = 52C0AAC6AF0EC69820DD679A /* Pods-AdsumReader.debug.xcconfig */;
			buildSettings = {
				ASSETCATALOG_COMPILER_APPICON_NAME = AppIcon;
				CODE_SIGN_IDENTITY = "iPhone Developer";
				ENABLE_BITCODE = YES;
				FRAMEWORK_SEARCH_PATHS = (
					"$(inherited)",
					"$(PROJECT_DIR)/AdsumReader",
					"\"$(SRCROOT)/\"",
					"\"$(SRCROOT)/AdsumReader/Pods\"",
				);
				HEADER_SEARCH_PATHS = (
					"$(BUILT_PRODUCTS_DIR)",
					"\"$(SRCROOT)/AdsumIOSAPI.framework/Headers\"",
				);
				INFOPLIST_FILE = AdsumReader/Info.plist;
				LD_RUNPATH_SEARCH_PATHS = "$(inherited) @executable_path/Frameworks";
				PRODUCT_BUNDLE_IDENTIFIER = com.adactive.AdsumReader;
				PRODUCT_NAME = "$(TARGET_NAME)";
			};
			name = Debug;
		};
		4DF0327A1C51153000472603 /* Release */ = {
			isa = XCBuildConfiguration;
			baseConfigurationReference = ED9C452B582E08CCA4210628 /* Pods-AdsumReader.release.xcconfig */;
			buildSettings = {
				ASSETCATALOG_COMPILER_APPICON_NAME = AppIcon;
				CODE_SIGN_IDENTITY = "iPhone Developer";
				ENABLE_BITCODE = YES;
				FRAMEWORK_SEARCH_PATHS = (
					"$(inherited)",
					"$(PROJECT_DIR)/AdsumReader",
					"\"$(SRCROOT)/\"",
					"\"$(SRCROOT)/AdsumReader/Pods\"",
				);
				HEADER_SEARCH_PATHS = (
					"$(BUILT_PRODUCTS_DIR)",
					"\"$(SRCROOT)/AdsumIOSAPI.framework/Headers\"",
				);
				INFOPLIST_FILE = AdsumReader/Info.plist;
				LD_RUNPATH_SEARCH_PATHS = "$(inherited) @executable_path/Frameworks";
				PRODUCT_BUNDLE_IDENTIFIER = com.adactive.AdsumReader;
				PRODUCT_NAME = "$(TARGET_NAME)";
			};
			name = Release;
		};
/* End XCBuildConfiguration section */

/* Begin XCConfigurationList section */
		4DF0325C1C51153000472603 /* Build configuration list for PBXProject "AdsumReader" */ = {
			isa = XCConfigurationList;
			buildConfigurations = (
				4DF032761C51153000472603 /* Debug */,
				4DF032771C51153000472603 /* Release */,
			);
			defaultConfigurationIsVisible = 0;
			defaultConfigurationName = Release;
		};
		4DF032781C51153000472603 /* Build configuration list for PBXNativeTarget "AdsumReader" */ = {
			isa = XCConfigurationList;
			buildConfigurations = (
				4DF032791C51153000472603 /* Debug */,
				4DF0327A1C51153000472603 /* Release */,
			);
			defaultConfigurationIsVisible = 0;
			defaultConfigurationName = Release;
		};
/* End XCConfigurationList section */
	};
	rootObject = 4DF032591C51153000472603 /* Project object */;
}
