PODS:
  - ActionSheetPicker-3.0 (2.2.0)
  - QRCodeReaderViewController (4.0.1)

DEPENDENCIES:
  - ActionSheetPicker-3.0
  - QRCodeReaderViewController (~> 4.0.1)

SPEC CHECKSUMS:
  ActionSheetPicker-3.0: d11a4c12c6aaf704b8a3f56d179198c99f3e41e6
  QRCodeReaderViewController: 6538745c8f4ffa9407a26bd7f9489ea01739e7b0

PODFILE CHECKSUM: d1af6a2efa85ce5f981c6fa429a15940e11157c3

COCOAPODS: 1.0.1
